{
  "lockfile_version": "1",
  "packages": {
    "android-tools@latest": {
      "last_modified": "2025-03-11T17:52:14Z",
      "resolved": "github:NixOS/nixpkgs/0d534853a55b5d02a4ababa1d71921ce8f0aee4c#android-tools",
      "source": "devbox-search",
      "version": "35.0.1",
      "systems": {
        "aarch64-darwin": {
          "outputs": [
            {
              "name": "out",
              "path": "/nix/store/md3mf3w01nfzawd2a5wqs00cgly9pl9a-android-tools-35.0.1",
              "default": true
            }
          ],
          "store_path": "/nix/store/md3mf3w01nfzawd2a5wqs00cgly9pl9a-android-tools-35.0.1"
        },
        "aarch64-linux": {
          "outputs": [
            {
              "name": "out",
              "path": "/nix/store/5mpnr5mmk6ijpkngdzlcnypn33avkg7h-android-tools-35.0.1",
              "default": true
            }
          ],
          "store_path": "/nix/store/5mpnr5mmk6ijpkngdzlcnypn33avkg7h-android-tools-35.0.1"
        },
        "x86_64-darwin": {
          "outputs": [
            {
              "name": "out",
              "path": "/nix/store/zh1zyxdyjw6r0rn4k5qgybymsfiyfl6l-android-tools-35.0.1",
              "default": true
            }
          ],
          "store_path": "/nix/store/zh1zyxdyjw6r0rn4k5qgybymsfiyfl6l-android-tools-35.0.1"
        },
        "x86_64-linux": {
          "outputs": [
            {
              "name": "out",
              "path": "/nix/store/f5arqr53b3lra6dcijxhza6h4zh804nx-android-tools-35.0.1",
              "default": true
            }
          ],
          "store_path": "/nix/store/f5arqr53b3lra6dcijxhza6h4zh804nx-android-tools-35.0.1"
        }
      }
    },
    "bun@latest": {
      "last_modified": "2025-03-13T11:38:39Z",
      "resolved": "github:NixOS/nixpkgs/573c650e8a14b2faa0041645ab18aed7e60f0c9a#bun",
      "source": "devbox-search",
      "version": "1.2.5",
      "systems": {
        "aarch64-darwin": {
          "outputs": [
            {
              "name": "out",
              "path": "/nix/store/rzf81xw57rp8vqjwchbcsqb2fy4j51bm-bun-1.2.5",
              "default": true
            }
          ],
          "store_path": "/nix/store/rzf81xw57rp8vqjwchbcsqb2fy4j51bm-bun-1.2.5"
        },
        "aarch64-linux": {
          "outputs": [
            {
              "name": "out",
              "path": "/nix/store/2rqxjvjk0dmr1wjw4sqy3grx3y6brk2c-bun-1.2.5",
              "default": true
            }
          ],
          "store_path": "/nix/store/2rqxjvjk0dmr1wjw4sqy3grx3y6brk2c-bun-1.2.5"
        },
        "x86_64-darwin": {
          "outputs": [
            {
              "name": "out",
              "path": "/nix/store/6nnqxvad5qw8clhawzabld44zngj76j7-bun-1.2.5",
              "default": true
            }
          ],
          "store_path": "/nix/store/6nnqxvad5qw8clhawzabld44zngj76j7-bun-1.2.5"
        },
        "x86_64-linux": {
          "outputs": [
            {
              "name": "out",
              "path": "/nix/store/g8k9g77pf9a1pqbjhfnsh6qam4j5a3cg-bun-1.2.5",
              "default": true
            }
          ],
          "store_path": "/nix/store/g8k9g77pf9a1pqbjhfnsh6qam4j5a3cg-bun-1.2.5"
        }
      }
    },
    "chromedriver@latest": {
      "last_modified": "2025-03-25T17:32:05Z",
      "resolved": "github:NixOS/nixpkgs/25d1b84f5c90632a623c48d83a2faf156451e6b1#chromedriver",
      "source": "devbox-search",
      "version": "134.0.6998.165",
      "systems": {
        "aarch64-darwin": {
          "outputs": [
            {
              "name": "out",
              "path": "/nix/store/94dar0v38rlz6b6i1g0j71ldpsmz9fw3-chromedriver-134.0.6998.165",
              "default": true
            }
          ],
          "store_path": "/nix/store/94dar0v38rlz6b6i1g0j71ldpsmz9fw3-chromedriver-134.0.6998.165"
        },
        "aarch64-linux": {
          "outputs": [
            {
              "name": "out",
              "path": "/nix/store/jp5bgiy4jgmz61q7z1dy4lipgm63k404-chromedriver-unwrapped-134.0.6998.165",
              "default": true
            }
          ],
          "store_path": "/nix/store/jp5bgiy4jgmz61q7z1dy4lipgm63k404-chromedriver-unwrapped-134.0.6998.165"
        },
        "x86_64-darwin": {
          "outputs": [
            {
              "name": "out",
              "path": "/nix/store/yzmwzsyawxgl30gwy9wj5ygarhjkpy2i-chromedriver-134.0.6998.165",
              "default": true
            }
          ],
          "store_path": "/nix/store/yzmwzsyawxgl30gwy9wj5ygarhjkpy2i-chromedriver-134.0.6998.165"
        },
        "x86_64-linux": {
          "outputs": [
            {
              "name": "out",
              "path": "/nix/store/218yqz6gd91d1ssd1gg1xc3c90sgsr8p-chromedriver-unwrapped-134.0.6998.165",
              "default": true
            }
          ],
          "store_path": "/nix/store/218yqz6gd91d1ssd1gg1xc3c90sgsr8p-chromedriver-unwrapped-134.0.6998.165"
        }
      }
    },
    "dart@latest": {
      "last_modified": "2025-03-27T11:50:31Z",
      "resolved": "github:NixOS/nixpkgs/6c5963357f3c1c840201eda129a99d455074db04#dart",
      "source": "devbox-search",
      "version": "3.7.2",
      "systems": {
        "aarch64-darwin": {
          "outputs": [
            {
              "name": "out",
              "path": "/nix/store/qax682qb34gbr3yrpynhv7059id56133-dart-3.7.2",
              "default": true
            }
          ],
          "store_path": "/nix/store/qax682qb34gbr3yrpynhv7059id56133-dart-3.7.2"
        },
        "aarch64-linux": {
          "outputs": [
            {
              "name": "out",
              "path": "/nix/store/kv1phhygvfqjn333xcv8j0vl0ak0zgxs-dart-3.7.2",
              "default": true
            }
          ],
          "store_path": "/nix/store/kv1phhygvfqjn333xcv8j0vl0ak0zgxs-dart-3.7.2"
        },
        "x86_64-darwin": {
          "outputs": [
            {
              "name": "out",
              "path": "/nix/store/6k7m0gvl9x6r3s2xzf3p66538gaa30l6-dart-3.7.2",
              "default": true
            }
          ],
          "store_path": "/nix/store/6k7m0gvl9x6r3s2xzf3p66538gaa30l6-dart-3.7.2"
        },
        "x86_64-linux": {
          "outputs": [
            {
              "name": "out",
              "path": "/nix/store/bfprskbw94y27z9cizsx0gghjif5gd5w-dart-3.7.2",
              "default": true
            }
          ],
          "store_path": "/nix/store/bfprskbw94y27z9cizsx0gghjif5gd5w-dart-3.7.2"
        }
      }
    },
    "devbox@latest": {
      "last_modified": "2025-03-11T17:52:14Z",
      "resolved": "github:NixOS/nixpkgs/0d534853a55b5d02a4ababa1d71921ce8f0aee4c#devbox",
      "source": "devbox-search",
      "version": "0.14.0",
      "systems": {
        "aarch64-darwin": {
          "outputs": [
            {
              "name": "out",
              "path": "/nix/store/5xp80483c4ia7hlzih3n8p12j5vahx4r-devbox-0.14.0",
              "default": true
            }
          ],
          "store_path": "/nix/store/5xp80483c4ia7hlzih3n8p12j5vahx4r-devbox-0.14.0"
        },
        "aarch64-linux": {
          "outputs": [
            {
              "name": "out",
              "path": "/nix/store/lkc1fi6qifs0d2b1k54g9jkcflmkw886-devbox-0.14.0",
              "default": true
            }
          ],
          "store_path": "/nix/store/lkc1fi6qifs0d2b1k54g9jkcflmkw886-devbox-0.14.0"
        },
        "x86_64-darwin": {
          "outputs": [
            {
              "name": "out",
              "path": "/nix/store/8mxd000zjiqgv6hjjwy0a8rnrmbkrb5z-devbox-0.14.0",
              "default": true
            }
          ],
          "store_path": "/nix/store/8mxd000zjiqgv6hjjwy0a8rnrmbkrb5z-devbox-0.14.0"
        },
        "x86_64-linux": {
          "outputs": [
            {
              "name": "out",
              "path": "/nix/store/h2lwr7sl929qypxbnd63yhkk45hlnxhz-devbox-0.14.0",
              "default": true
            }
          ],
          "store_path": "/nix/store/h2lwr7sl929qypxbnd63yhkk45hlnxhz-devbox-0.14.0"
        }
      }
    },
    "eslint@latest": {
      "last_modified": "2025-03-25T17:32:05Z",
      "resolved": "github:NixOS/nixpkgs/25d1b84f5c90632a623c48d83a2faf156451e6b1#eslint",
      "source": "devbox-search",
      "version": "9.20.0",
      "systems": {
        "aarch64-darwin": {
          "outputs": [
            {
              "name": "out",
              "path": "/nix/store/z5gxri1pyqc2246yk544d2b60airfpkb-eslint-9.20.0",
              "default": true
            }
          ],
          "store_path": "/nix/store/z5gxri1pyqc2246yk544d2b60airfpkb-eslint-9.20.0"
        },
        "aarch64-linux": {
          "outputs": [
            {
              "name": "out",
              "path": "/nix/store/4b7g8h3fmd3swyqxad4xysiwz57jkxcp-eslint-9.20.0",
              "default": true
            }
          ],
          "store_path": "/nix/store/4b7g8h3fmd3swyqxad4xysiwz57jkxcp-eslint-9.20.0"
        },
        "x86_64-darwin": {
          "outputs": [
            {
              "name": "out",
              "path": "/nix/store/f05vr59hkv0b8fnb34npvl355psmcx8y-eslint-9.20.0",
              "default": true
            }
          ],
          "store_path": "/nix/store/f05vr59hkv0b8fnb34npvl355psmcx8y-eslint-9.20.0"
        },
        "x86_64-linux": {
          "outputs": [
            {
              "name": "out",
              "path": "/nix/store/v1729pisajsj3r3vnb9ycvycw5bwx8qw-eslint-9.20.0",
              "default": true
            }
          ],
          "store_path": "/nix/store/v1729pisajsj3r3vnb9ycvycw5bwx8qw-eslint-9.20.0"
        }
      }
    },
    "firebase-tools@latest": {
      "last_modified": "2025-03-26T18:47:43Z",
      "resolved": "github:NixOS/nixpkgs/bd3bac8bfb542dbde7ffffb6987a1a1f9d41699f#firebase-tools",
      "source": "devbox-search",
      "version": "13.35.1",
      "systems": {
        "aarch64-darwin": {
          "outputs": [
            {
              "name": "out",
              "path": "/nix/store/g4fvz5yfz9i5hhnzbq0z1cwhhzvk4sfs-firebase-tools-13.35.1",
              "default": true
            }
          ],
          "store_path": "/nix/store/g4fvz5yfz9i5hhnzbq0z1cwhhzvk4sfs-firebase-tools-13.35.1"
        },
        "aarch64-linux": {
          "outputs": [
            {
              "name": "out",
              "path": "/nix/store/sd3zbdh2xslhyi3q1rfpgaf0l49fjl1y-firebase-tools-13.35.1",
              "default": true
            }
          ],
          "store_path": "/nix/store/sd3zbdh2xslhyi3q1rfpgaf0l49fjl1y-firebase-tools-13.35.1"
        },
        "x86_64-darwin": {
          "outputs": [
            {
              "name": "out",
              "path": "/nix/store/yf9vla8xhggvp6bky0lg2mrshilgqqa6-firebase-tools-13.35.1",
              "default": true
            }
          ],
          "store_path": "/nix/store/yf9vla8xhggvp6bky0lg2mrshilgqqa6-firebase-tools-13.35.1"
        },
        "x86_64-linux": {
          "outputs": [
            {
              "name": "out",
              "path": "/nix/store/2z98ffygirwqm5s3fxxg7b08pc5i11lq-firebase-tools-13.35.1",
              "default": true
            }
          ],
          "store_path": "/nix/store/2z98ffygirwqm5s3fxxg7b08pc5i11lq-firebase-tools-13.35.1"
        }
      }
    },
    "flutter@latest": {
      "last_modified": "2025-03-11T17:52:14Z",
      "resolved": "github:NixOS/nixpkgs/0d534853a55b5d02a4ababa1d71921ce8f0aee4c#flutter",
      "source": "devbox-search",
      "version": "3.27.4-sdk-links",
      "systems": {
        "aarch64-darwin": {
          "outputs": [
            {
              "name": "out",
              "path": "/nix/store/l6r7y8z5nxgfgfjz3wlk9aw825dclxng-flutter-wrapped-3.27.4-sdk-links",
              "default": true
            }
          ],
          "store_path": "/nix/store/l6r7y8z5nxgfgfjz3wlk9aw825dclxng-flutter-wrapped-3.27.4-sdk-links"
        },
        "aarch64-linux": {
          "outputs": [
            {
              "name": "out",
              "path": "/nix/store/mvly79vkcmmb8d2qp1rclay7nm4hfv5b-flutter-wrapped-3.27.4-sdk-links",
              "default": true
            }
          ],
          "store_path": "/nix/store/mvly79vkcmmb8d2qp1rclay7nm4hfv5b-flutter-wrapped-3.27.4-sdk-links"
        },
        "x86_64-darwin": {
          "outputs": [
            {
              "name": "out",
              "path": "/nix/store/035xi1mmjxnw1aa1ym32zm42q8jvm39m-flutter-wrapped-3.27.4-sdk-links",
              "default": true
            }
          ],
          "store_path": "/nix/store/035xi1mmjxnw1aa1ym32zm42q8jvm39m-flutter-wrapped-3.27.4-sdk-links"
        },
        "x86_64-linux": {
          "outputs": [
            {
              "name": "out",
              "path": "/nix/store/yfa2q3i6phknrb4172fw1nz4wpk82w54-flutter-wrapped-3.27.4-sdk-links",
              "default": true
            }
          ],
          "store_path": "/nix/store/yfa2q3i6phknrb4172fw1nz4wpk82w54-flutter-wrapped-3.27.4-sdk-links"
        }
      }
    },
    "git@latest": {
      "last_modified": "2025-03-27T11:50:31Z",
      "resolved": "github:NixOS/nixpkgs/6c5963357f3c1c840201eda129a99d455074db04#git",
      "source": "devbox-search",
      "version": "2.48.1",
      "systems": {
        "aarch64-darwin": {
          "outputs": [
            {
              "name": "out",
              "path": "/nix/store/b3sci30zzzlj3rzj1y89cijnd6zcwapk-git-2.48.1",
              "default": true
            },
            {
              "name": "doc",
              "path": "/nix/store/086knqdw7fjgzczp0i6nad95s2v6jbya-git-2.48.1-doc"
            }
          ],
          "store_path": "/nix/store/b3sci30zzzlj3rzj1y89cijnd6zcwapk-git-2.48.1"
        },
        "aarch64-linux": {
          "outputs": [
            {
              "name": "out",
              "path": "/nix/store/pck1dr5jxrd5b8nmfasbn13z422jhcfm-git-2.48.1",
              "default": true
            },
            {
              "name": "debug",
              "path": "/nix/store/xqqsvzlilh843rm6knykyng81apapr33-git-2.48.1-debug"
            },
            {
              "name": "doc",
              "path": "/nix/store/485b32ys0s2dvjfisn7405ildmpqvfzk-git-2.48.1-doc"
            }
          ],
          "store_path": "/nix/store/pck1dr5jxrd5b8nmfasbn13z422jhcfm-git-2.48.1"
        },
        "x86_64-darwin": {
          "outputs": [
            {
              "name": "out",
              "path": "/nix/store/9qjzgsf9mvdp6sfd7xyzhgrahl2qhhp6-git-2.48.1",
              "default": true
            },
            {
              "name": "doc",
              "path": "/nix/store/cgv7qa0ix059ma9a0qac0bywfvl3k7k2-git-2.48.1-doc"
            }
          ],
          "store_path": "/nix/store/9qjzgsf9mvdp6sfd7xyzhgrahl2qhhp6-git-2.48.1"
        },
        "x86_64-linux": {
          "outputs": [
            {
              "name": "out",
              "path": "/nix/store/lqx2rv26sdndpa2vyy2vxsahj03km69z-git-2.48.1",
              "default": true
            },
            {
              "name": "doc",
              "path": "/nix/store/hjczhs1dm3hzij7mx5c91rkzqvkb89av-git-2.48.1-doc"
            },
            {
              "name": "debug",
              "path": "/nix/store/bk8xndavdnc2qgyvc6hcc8h29lk9jzqb-git-2.48.1-debug"
            }
          ],
          "store_path": "/nix/store/lqx2rv26sdndpa2vyy2vxsahj03km69z-git-2.48.1"
        }
      }
    },
    "github:NixOS/nixpkgs/nixpkgs-unstable": {
      "resolved": "github:NixOS/nixpkgs/88e992074d86ad50249de12b7fb8dbaadf8dc0c5?lastModified=1743472173&narHash=sha256-xwNv3FYTC5pl4QVZ79gUxqCEvqKzcKdXycpH5UbYscw%3D"
    },
    "jq@latest": {
      "last_modified": "2025-03-27T11:50:31Z",
      "resolved": "github:NixOS/nixpkgs/6c5963357f3c1c840201eda129a99d455074db04#jq",
      "source": "devbox-search",
      "version": "1.7.1",
      "systems": {
        "aarch64-darwin": {
          "outputs": [
            {
              "name": "bin",
              "path": "/nix/store/6njxc4ma96r9qc88scwsmnh64a086yrn-jq-1.7.1-bin",
              "default": true
            },
            {
              "name": "man",
              "path": "/nix/store/806zwhmy9qkp695x9y4c373fpcz8ql7i-jq-1.7.1-man",
              "default": true
            },
            {
              "name": "out",
              "path": "/nix/store/7h4z72g5bpfwcnmc0a77x3aqp8vg0h0f-jq-1.7.1"
            },
            {
              "name": "dev",
              "path": "/nix/store/haxb6i05p1ganzinkzk3xib7d8zg2zzd-jq-1.7.1-dev"
            },
            {
              "name": "doc",
              "path": "/nix/store/d1ij699i2mbwix1my3b8k7ckfykhrp1m-jq-1.7.1-doc"
            }
          ],
          "store_path": "/nix/store/6njxc4ma96r9qc88scwsmnh64a086yrn-jq-1.7.1-bin"
        },
        "aarch64-linux": {
          "outputs": [
            {
              "name": "bin",
              "path": "/nix/store/xv6l5qpmjm1cm1v519d3zzx72givc912-jq-1.7.1-bin",
              "default": true
            },
            {
              "name": "man",
              "path": "/nix/store/pbq5gvwvgbfx0njjvx7zaijhn9jxgv9j-jq-1.7.1-man",
              "default": true
            },
            {
              "name": "out",
              "path": "/nix/store/dr03sim3pqyxh2aakwzmp19l54alic6c-jq-1.7.1"
            },
            {
              "name": "dev",
              "path": "/nix/store/79rh194hlm4y033ry74mhm5c1gzhicxh-jq-1.7.1-dev"
            },
            {
              "name": "doc",
              "path": "/nix/store/58k6ajhi376snpa2qx9nmismqwr23fi6-jq-1.7.1-doc"
            }
          ],
          "store_path": "/nix/store/xv6l5qpmjm1cm1v519d3zzx72givc912-jq-1.7.1-bin"
        },
        "x86_64-darwin": {
          "outputs": [
            {
              "name": "bin",
              "path": "/nix/store/8xh7an43y0xkawgf0pb7mxvcr20l17qh-jq-1.7.1-bin",
              "default": true
            },
            {
              "name": "man",
              "path": "/nix/store/72iz7d48dslq7dlba92f72gcqiwy1bnv-jq-1.7.1-man",
              "default": true
            },
            {
              "name": "dev",
              "path": "/nix/store/x1rvxbvad0bkmrb849likb36kp44p6k3-jq-1.7.1-dev"
            },
            {
              "name": "doc",
              "path": "/nix/store/y7riwf6jr799jvd9v8aj5626ix6w4s6v-jq-1.7.1-doc"
            },
            {
              "name": "out",
              "path": "/nix/store/yv3i7vxi014xhly4dv8lkgh05p2n5wsy-jq-1.7.1"
            }
          ],
          "store_path": "/nix/store/8xh7an43y0xkawgf0pb7mxvcr20l17qh-jq-1.7.1-bin"
        },
        "x86_64-linux": {
          "outputs": [
            {
              "name": "bin",
              "path": "/nix/store/gpxsdrrd4x93fs75395vr2dfys1ki9mq-jq-1.7.1-bin",
              "default": true
            },
            {
              "name": "man",
              "path": "/nix/store/0h33kdarki6bp6pwf7xc5rzjnx8ky4j4-jq-1.7.1-man",
              "default": true
            },
            {
              "name": "doc",
              "path": "/nix/store/nhg3x57268kb3q1021w3m002xxqpj50w-jq-1.7.1-doc"
            },
            {
              "name": "out",
              "path": "/nix/store/ma6hybrgazb471pd53mwnvh1vsv87cxb-jq-1.7.1"
            },
            {
              "name": "dev",
              "path": "/nix/store/ld8ys81ch5fj94j0jrwbkgwwjxmbwdxh-jq-1.7.1-dev"
            }
          ],
          "store_path": "/nix/store/gpxsdrrd4x93fs75395vr2dfys1ki9mq-jq-1.7.1-bin"
        }
      }
    },
    "ripgrep@latest": {
      "last_modified": "2025-03-11T17:52:14Z",
      "resolved": "github:NixOS/nixpkgs/0d534853a55b5d02a4ababa1d71921ce8f0aee4c#ripgrep",
      "source": "devbox-search",
      "version": "14.1.1",
      "systems": {
        "aarch64-darwin": {
          "outputs": [
            {
              "name": "out",
              "path": "/nix/store/8jp8ck4gl2gcnl84bm9kjl4fakpdkk7z-ripgrep-14.1.1",
              "default": true
            }
          ],
          "store_path": "/nix/store/8jp8ck4gl2gcnl84bm9kjl4fakpdkk7z-ripgrep-14.1.1"
        },
        "aarch64-linux": {
          "outputs": [
            {
              "name": "out",
              "path": "/nix/store/w01qdshvhg0mhwfdlfb43w8qbi13x4rd-ripgrep-14.1.1",
              "default": true
            }
          ],
          "store_path": "/nix/store/w01qdshvhg0mhwfdlfb43w8qbi13x4rd-ripgrep-14.1.1"
        },
        "x86_64-darwin": {
          "outputs": [
            {
              "name": "out",
              "path": "/nix/store/38dfkpikydr5yai23ns7j1c07k42ddkf-ripgrep-14.1.1",
              "default": true
            }
          ],
          "store_path": "/nix/store/38dfkpikydr5yai23ns7j1c07k42ddkf-ripgrep-14.1.1"
        },
        "x86_64-linux": {
          "outputs": [
            {
              "name": "out",
              "path": "/nix/store/3mlj8k3yn1nmc6qa0snnqmjxqvfd467n-ripgrep-14.1.1",
              "default": true
            }
          ],
          "store_path": "/nix/store/3mlj8k3yn1nmc6qa0snnqmjxqvfd467n-ripgrep-14.1.1"
        }
      }
    },
    "ruby@latest": {
      "last_modified": "2025-03-23T05:31:05Z",
      "plugin_version": "0.0.2",
      "resolved": "github:NixOS/nixpkgs/dd613136ee91f67e5dba3f3f41ac99ae89c5406b#ruby_3_4",
      "source": "devbox-search",
      "version": "3.4.2",
      "systems": {
        "aarch64-darwin": {
          "outputs": [
            {
              "name": "out",
              "path": "/nix/store/gd8vs43rmsx6p6h9zfvh8v3ziax8w19d-ruby-3.4.2",
              "default": true
            },
            {
              "name": "devdoc",
              "path": "/nix/store/9d26vkxivfrkv8gplbsf97hag8sa34vr-ruby-3.4.2-devdoc"
            }
          ],
          "store_path": "/nix/store/gd8vs43rmsx6p6h9zfvh8v3ziax8w19d-ruby-3.4.2"
        },
        "aarch64-linux": {
          "outputs": [
            {
              "name": "out",
              "path": "/nix/store/ypx2vsab6kp8gdvwq51anjl8q78b3rai-ruby-3.4.2",
              "default": true
            },
            {
              "name": "devdoc",
              "path": "/nix/store/agc0k42gnz1cgzfnam72p1xv4w8dxfyw-ruby-3.4.2-devdoc"
            }
          ],
          "store_path": "/nix/store/ypx2vsab6kp8gdvwq51anjl8q78b3rai-ruby-3.4.2"
        },
        "x86_64-darwin": {
          "outputs": [
            {
              "name": "out",
              "path": "/nix/store/x9xqw9zb8hkqky3xbg8gifhc1db53s0h-ruby-3.4.2",
              "default": true
            },
            {
              "name": "devdoc",
              "path": "/nix/store/vfc7g7qfq4bhq98jdy0g73ls6xqklsgq-ruby-3.4.2-devdoc"
            }
          ],
          "store_path": "/nix/store/x9xqw9zb8hkqky3xbg8gifhc1db53s0h-ruby-3.4.2"
        },
        "x86_64-linux": {
          "outputs": [
            {
              "name": "out",
              "path": "/nix/store/3aad1zh4y4g3hxkima4nqnirx2s8yi26-ruby-3.4.2",
              "default": true
            },
            {
              "name": "devdoc",
              "path": "/nix/store/cbmn69v244m2qdk2khc7x1sjpfg4sa95-ruby-3.4.2-devdoc"
            }
          ],
          "store_path": "/nix/store/3aad1zh4y4g3hxkima4nqnirx2s8yi26-ruby-3.4.2"
        }
      }
    },
    "rubyPackages.cocoapods@latest": {
      "last_modified": "2025-03-11T17:52:14Z",
      "resolved": "github:NixOS/nixpkgs/0d534853a55b5d02a4ababa1d71921ce8f0aee4c#rubyPackages.cocoapods",
      "source": "devbox-search",
      "version": "0.2.0",
      "systems": {
        "aarch64-darwin": {
          "outputs": [
            {
              "name": "out",
              "path": "/nix/store/2clw5dc8j7b2g2qhjffhjfcvawib1zgv-ruby3.3-cocoapods-0.2.0",
              "default": true
            }
          ],
          "store_path": "/nix/store/2clw5dc8j7b2g2qhjffhjfcvawib1zgv-ruby3.3-cocoapods-0.2.0"
        },
        "aarch64-linux": {
          "outputs": [
            {
              "name": "out",
              "path": "/nix/store/mh5vw5wvqlvvls85x85ydza4yv2xzz0g-ruby3.3-cocoapods-0.2.0",
              "default": true
            }
          ],
          "store_path": "/nix/store/mh5vw5wvqlvvls85x85ydza4yv2xzz0g-ruby3.3-cocoapods-0.2.0"
        },
        "x86_64-darwin": {
          "outputs": [
            {
              "name": "out",
              "path": "/nix/store/61l9k6nzzhkmkyy7b7zwfs6iy016xc4a-ruby3.3-cocoapods-0.2.0",
              "default": true
            }
          ],
          "store_path": "/nix/store/61l9k6nzzhkmkyy7b7zwfs6iy016xc4a-ruby3.3-cocoapods-0.2.0"
        },
        "x86_64-linux": {
          "outputs": [
            {
              "name": "out",
              "path": "/nix/store/3y8vwl9yyyyx3i3w77znn8qya994a9w6-ruby3.3-cocoapods-0.2.0",
              "default": true
            }
          ],
          "store_path": "/nix/store/3y8vwl9yyyyx3i3w77znn8qya994a9w6-ruby3.3-cocoapods-0.2.0"
        }
      }
    },
    "typescript@latest": {
      "last_modified": "2025-03-16T23:54:35Z",
      "resolved": "github:NixOS/nixpkgs/5d9b5431f967007b3952c057fc92af49a4c5f3b2#typescript",
      "source": "devbox-search",
      "version": "5.8.2",
      "systems": {
        "aarch64-darwin": {
          "outputs": [
            {
              "name": "out",
              "path": "/nix/store/5l1x1qcskwzv18h2j8w1qxh01b9f764w-typescript-5.8.2",
              "default": true
            }
          ],
          "store_path": "/nix/store/5l1x1qcskwzv18h2j8w1qxh01b9f764w-typescript-5.8.2"
        },
        "aarch64-linux": {
          "outputs": [
            {
              "name": "out",
              "path": "/nix/store/v8vq9m1pbnqdjw6pvc2fzrhz3nl1wczw-typescript-5.8.2",
              "default": true
            }
          ],
          "store_path": "/nix/store/v8vq9m1pbnqdjw6pvc2fzrhz3nl1wczw-typescript-5.8.2"
        },
        "x86_64-darwin": {
          "outputs": [
            {
              "name": "out",
              "path": "/nix/store/r5r0x6x12fayji2hb5yvvbxb37sqnznh-typescript-5.8.2",
              "default": true
            }
          ],
          "store_path": "/nix/store/r5r0x6x12fayji2hb5yvvbxb37sqnznh-typescript-5.8.2"
        },
        "x86_64-linux": {
          "outputs": [
            {
              "name": "out",
              "path": "/nix/store/r6ixjs0r5b7wnb7w2jbni7jdqi9fyapn-typescript-5.8.2",
              "default": true
            }
          ],
          "store_path": "/nix/store/r6ixjs0r5b7wnb7w2jbni7jdqi9fyapn-typescript-5.8.2"
        }
      }
    }
  }
}
