{
  "lockfile_version": "1",
  "packages": {
    "flutter@latest": {
      "last_modified": "2025-03-11T17:52:14Z",
      "resolved": "github:NixOS/nixpkgs/0d534853a55b5d02a4ababa1d71921ce8f0aee4c#flutter",
      "source": "devbox-search",
      "version": "3.27.4-sdk-links",
      "systems": {
        "aarch64-darwin": {
          "outputs": [
            {
              "name": "out",
              "path": "/nix/store/l6r7y8z5nxgfgfjz3wlk9aw825dclxng-flutter-wrapped-3.27.4-sdk-links",
              "default": true
            }
          ],
          "store_path": "/nix/store/l6r7y8z5nxgfgfjz3wlk9aw825dclxng-flutter-wrapped-3.27.4-sdk-links"
        },
        "aarch64-linux": {
          "outputs": [
            {
              "name": "out",
              "path": "/nix/store/mvly79vkcmmb8d2qp1rclay7nm4hfv5b-flutter-wrapped-3.27.4-sdk-links",
              "default": true
            }
          ],
          "store_path": "/nix/store/mvly79vkcmmb8d2qp1rclay7nm4hfv5b-flutter-wrapped-3.27.4-sdk-links"
        },
        "x86_64-darwin": {
          "outputs": [
            {
              "name": "out",
              "path": "/nix/store/035xi1mmjxnw1aa1ym32zm42q8jvm39m-flutter-wrapped-3.27.4-sdk-links",
              "default": true
            }
          ],
          "store_path": "/nix/store/035xi1mmjxnw1aa1ym32zm42q8jvm39m-flutter-wrapped-3.27.4-sdk-links"
        },
        "x86_64-linux": {
          "outputs": [
            {
              "name": "out",
              "path": "/nix/store/yfa2q3i6phknrb4172fw1nz4wpk82w54-flutter-wrapped-3.27.4-sdk-links",
              "default": true
            }
          ],
          "store_path": "/nix/store/yfa2q3i6phknrb4172fw1nz4wpk82w54-flutter-wrapped-3.27.4-sdk-links"
        }
      }
    },
    "github:NixOS/nixpkgs/nixpkgs-unstable": {
      "resolved": "github:NixOS/nixpkgs/88e992074d86ad50249de12b7fb8dbaadf8dc0c5?lastModified=1743472173&narHash=sha256-xwNv3FYTC5pl4QVZ79gUxqCEvqKzcKdXycpH5UbYscw%3D"
    },
    "ripgrep@latest": {
      "last_modified": "2025-03-11T17:52:14Z",
      "resolved": "github:NixOS/nixpkgs/0d534853a55b5d02a4ababa1d71921ce8f0aee4c#ripgrep",
      "source": "devbox-search",
      "version": "14.1.1",
      "systems": {
        "aarch64-darwin": {
          "outputs": [
            {
              "name": "out",
              "path": "/nix/store/8jp8ck4gl2gcnl84bm9kjl4fakpdkk7z-ripgrep-14.1.1",
              "default": true
            }
          ],
          "store_path": "/nix/store/8jp8ck4gl2gcnl84bm9kjl4fakpdkk7z-ripgrep-14.1.1"
        },
        "aarch64-linux": {
          "outputs": [
            {
              "name": "out",
              "path": "/nix/store/w01qdshvhg0mhwfdlfb43w8qbi13x4rd-ripgrep-14.1.1",
              "default": true
            }
          ],
          "store_path": "/nix/store/w01qdshvhg0mhwfdlfb43w8qbi13x4rd-ripgrep-14.1.1"
        },
        "x86_64-darwin": {
          "outputs": [
            {
              "name": "out",
              "path": "/nix/store/38dfkpikydr5yai23ns7j1c07k42ddkf-ripgrep-14.1.1",
              "default": true
            }
          ],
          "store_path": "/nix/store/38dfkpikydr5yai23ns7j1c07k42ddkf-ripgrep-14.1.1"
        },
        "x86_64-linux": {
          "outputs": [
            {
              "name": "out",
              "path": "/nix/store/3mlj8k3yn1nmc6qa0snnqmjxqvfd467n-ripgrep-14.1.1",
              "default": true
            }
          ],
          "store_path": "/nix/store/3mlj8k3yn1nmc6qa0snnqmjxqvfd467n-ripgrep-14.1.1"
        }
      }
    }
  }
}
